
Microsoft Visual Studio Solution File, Format Version 12.00
# Visual Studio Version 17
VisualStudioVersion = 17.7.34003.232
MinimumVisualStudioVersion = 10.0.40219.1
Project("{FAE04EC0-301F-11D3-BF4B-00C04F79EFBC}") = "ActionsWithDimensionalArray", "ActionsWithDimensionalArray\ActionsWithDimensionalArray.csproj", "{88F5E41A-2B27-4DE0-8A0F-6A4F5C582A46}"
EndProject
Global
	GlobalSection(SolutionConfigurationPlatforms) = preSolution
		Debug|Any CPU = Debug|Any CPU
		Release|Any CPU = Release|Any CPU
	EndGlobalSection
	GlobalSection(ProjectConfigurationPlatforms) = postSolution
		{88F5E41A-2B27-4DE0-8A0F-6A4F5C582A46}.Debug|Any CPU.ActiveCfg = Debug|Any CPU
		{88F5E41A-2B27-4DE0-8A0F-6A4F5C582A46}.Debug|Any CPU.Build.0 = Debug|Any CPU
		{88F5E41A-2B27-4DE0-8A0F-6A4F5C582A46}.Release|Any CPU.ActiveCfg = Release|Any CPU
		{88F5E41A-2B27-4DE0-8A0F-6A4F5C582A46}.Release|Any CPU.Build.0 = Release|Any CPU
	EndGlobalSection
	GlobalSection(SolutionProperties) = preSolution
		HideSolutionNode = FALSE
	EndGlobalSection
	GlobalSection(ExtensibilityGlobals) = postSolution
		SolutionGuid = {F480016D-DEC2-4629-8698-3A199BFF44A0}
	EndGlobalSection
EndGlobal
