
Microsoft Visual Studio Solution File, Format Version 12.00
# Visual Studio Version 17
VisualStudioVersion = 17.7.34003.232
MinimumVisualStudioVersion = 10.0.40219.1
Project("{FAE04EC0-301F-11D3-BF4B-00C04F79EFBC}") = "Derivative", "Derivative\Derivative.csproj", "{40216BED-F032-45B6-9EFF-D3F263DCE3EF}"
EndProject
Global
	GlobalSection(SolutionConfigurationPlatforms) = preSolution
		Debug|Any CPU = Debug|Any CPU
		Release|Any CPU = Release|Any CPU
	EndGlobalSection
	GlobalSection(ProjectConfigurationPlatforms) = postSolution
		{40216BED-F032-45B6-9EFF-D3F263DCE3EF}.Debug|Any CPU.ActiveCfg = Debug|Any CPU
		{40216BED-F032-45B6-9EFF-D3F263DCE3EF}.Debug|Any CPU.Build.0 = Debug|Any CPU
		{40216BED-F032-45B6-9EFF-D3F263DCE3EF}.Release|Any CPU.ActiveCfg = Release|Any CPU
		{40216BED-F032-45B6-9EFF-D3F263DCE3EF}.Release|Any CPU.Build.0 = Release|Any CPU
	EndGlobalSection
	GlobalSection(SolutionProperties) = preSolution
		HideSolutionNode = FALSE
	EndGlobalSection
	GlobalSection(ExtensibilityGlobals) = postSolution
		SolutionGuid = {FD93C264-C0D2-4427-827F-E8BE5FAE024A}
	EndGlobalSection
EndGlobal
